
Microsoft Visual Studio Solution File, Format Version 12.00
# Visual Studio 15
VisualStudioVersion = 15.0.27130.2027
MinimumVisualStudioVersion = 10.0.40219.1
Project("{FAE04EC0-301F-11D3-BF4B-00C04F79EFBC}") = "reCAPTCHA-Invisible-Demo", "reCAPTCHA-Invisible-Demo\reCAPTCHA-Invisible-Demo.csproj", "{78FC1C3C-F5DA-4FA9-8D17-61530F1F6BBD}"
EndProject
Global
	GlobalSection(SolutionConfigurationPlatforms) = preSolution
		Debug|Any CPU = Debug|Any CPU
		Release|Any CPU = Release|Any CPU
	EndGlobalSection
	GlobalSection(ProjectConfigurationPlatforms) = postSolution
		{78FC1C3C-F5DA-4FA9-8D17-61530F1F6BBD}.Debug|Any CPU.ActiveCfg = Debug|Any CPU
		{78FC1C3C-F5DA-4FA9-8D17-61530F1F6BBD}.Debug|Any CPU.Build.0 = Debug|Any CPU
		{78FC1C3C-F5DA-4FA9-8D17-61530F1F6BBD}.Release|Any CPU.ActiveCfg = Release|Any CPU
		{78FC1C3C-F5DA-4FA9-8D17-61530F1F6BBD}.Release|Any CPU.Build.0 = Release|Any CPU
	EndGlobalSection
	GlobalSection(SolutionProperties) = preSolution
		HideSolutionNode = FALSE
	EndGlobalSection
	GlobalSection(ExtensibilityGlobals) = postSolution
		SolutionGuid = {8A5C0639-D53D-4A1D-A7B4-EA1F27F559D0}
	EndGlobalSection
EndGlobal
